
Microsoft Visual Studio Solution File, Format Version 12.00
# Visual Studio Version 17
VisualStudioVersion = 17.1.32319.34
MinimumVisualStudioVersion = 10.0.40219.1
Project("{FAE04EC0-301F-11D3-BF4B-00C04F79EFBC}") = "NotOYO", "NotOYO\NotOYO.csproj", "{BB44C79C-ED36-4FC9-BF53-A091B140C63D}"
EndProject
Global
	GlobalSection(SolutionConfigurationPlatforms) = preSolution
		Debug|Any CPU = Debug|Any CPU
		Release|Any CPU = Release|Any CPU
	EndGlobalSection
	GlobalSection(ProjectConfigurationPlatforms) = postSolution
		{BB44C79C-ED36-4FC9-BF53-A091B140C63D}.Debug|Any CPU.ActiveCfg = Debug|Any CPU
		{BB44C79C-ED36-4FC9-BF53-A091B140C63D}.Debug|Any CPU.Build.0 = Debug|Any CPU
		{BB44C79C-ED36-4FC9-BF53-A091B140C63D}.Release|Any CPU.ActiveCfg = Release|Any CPU
		{BB44C79C-ED36-4FC9-BF53-A091B140C63D}.Release|Any CPU.Build.0 = Release|Any CPU
	EndGlobalSection
	GlobalSection(SolutionProperties) = preSolution
		HideSolutionNode = FALSE
	EndGlobalSection
	GlobalSection(ExtensibilityGlobals) = postSolution
		SolutionGuid = {8EE5F594-2AEC-4165-9FC8-FCFC0F6FA729}
	EndGlobalSection
EndGlobal
